
Microsoft Visual Studio Solution File, Format Version 12.00
# Visual Studio Version 17
VisualStudioVersion = 17.8.34330.188
MinimumVisualStudioVersion = 10.0.40219.1
Project("{FAE04EC0-301F-11D3-BF4B-00C04F79EFBC}") = "AuthService", "AuthService\AuthService.csproj", "{D7923A74-A17E-4FCD-926B-043C3726C3DA}"
EndProject
Global
	GlobalSection(SolutionConfigurationPlatforms) = preSolution
		Debug|Any CPU = Debug|Any CPU
		Release|Any CPU = Release|Any CPU
	EndGlobalSection
	GlobalSection(ProjectConfigurationPlatforms) = postSolution
		{D7923A74-A17E-4FCD-926B-043C3726C3DA}.Debug|Any CPU.ActiveCfg = Debug|Any CPU
		{D7923A74-A17E-4FCD-926B-043C3726C3DA}.Debug|Any CPU.Build.0 = Debug|Any CPU
		{D7923A74-A17E-4FCD-926B-043C3726C3DA}.Release|Any CPU.ActiveCfg = Release|Any CPU
		{D7923A74-A17E-4FCD-926B-043C3726C3DA}.Release|Any CPU.Build.0 = Release|Any CPU
	EndGlobalSection
	GlobalSection(SolutionProperties) = preSolution
		HideSolutionNode = FALSE
	EndGlobalSection
	GlobalSection(ExtensibilityGlobals) = postSolution
		SolutionGuid = {E30D21B6-84E0-4BCE-B7B6-54C0EA181BC9}
	EndGlobalSection
EndGlobal
